
Microsoft Visual Studio Solution File, Format Version 12.00
# Visual Studio 15
VisualStudioVersion = 15.0.28010.2050
MinimumVisualStudioVersion = 10.0.40219.1
Project("{8BC9CEB8-8B4A-11D0-8D11-00A0C91BC942}") = "SoftwareStoreVSv3.0", "SoftwareStoreVSv3.0.vcxproj", "{F25DB973-D72D-4D63-ABFC-EF0C3E88A1A6}"
EndProject
Global
	GlobalSection(SolutionConfigurationPlatforms) = preSolution
		Debug|x64 = Debug|x64
		Debug|x86 = Debug|x86
		Release|x64 = Release|x64
		Release|x86 = Release|x86
	EndGlobalSection
	GlobalSection(ProjectConfigurationPlatforms) = postSolution
		{F25DB973-D72D-4D63-ABFC-EF0C3E88A1A6}.Debug|x64.ActiveCfg = Debug|x64
		{F25DB973-D72D-4D63-ABFC-EF0C3E88A1A6}.Debug|x64.Build.0 = Debug|x64
		{F25DB973-D72D-4D63-ABFC-EF0C3E88A1A6}.Debug|x86.ActiveCfg = Debug|Win32
		{F25DB973-D72D-4D63-ABFC-EF0C3E88A1A6}.Debug|x86.Build.0 = Debug|Win32
		{F25DB973-D72D-4D63-ABFC-EF0C3E88A1A6}.Release|x64.ActiveCfg = Release|x64
		{F25DB973-D72D-4D63-ABFC-EF0C3E88A1A6}.Release|x64.Build.0 = Release|x64
		{F25DB973-D72D-4D63-ABFC-EF0C3E88A1A6}.Release|x86.ActiveCfg = Release|Win32
		{F25DB973-D72D-4D63-ABFC-EF0C3E88A1A6}.Release|x86.Build.0 = Release|Win32
	EndGlobalSection
	GlobalSection(SolutionProperties) = preSolution
		HideSolutionNode = FALSE
	EndGlobalSection
	GlobalSection(ExtensibilityGlobals) = postSolution
		SolutionGuid = {0DE52BD5-A850-4D2B-AA48-E07B1187E4B2}
	EndGlobalSection
EndGlobal
